
Microsoft Visual Studio Solution File, Format Version 12.00
# Visual Studio 15
VisualStudioVersion = 15.0.28307.489
MinimumVisualStudioVersion = 10.0.40219.1
Project("{FAE04EC0-301F-11D3-BF4B-00C04F79EFBC}") = "NS", "NS\NS.csproj", "{D771357A-BE69-4AF5-BDC1-40E7845D2426}"
EndProject
Global
	GlobalSection(SolutionConfigurationPlatforms) = preSolution
		Debug|Any CPU = Debug|Any CPU
		Release|Any CPU = Release|Any CPU
	EndGlobalSection
	GlobalSection(ProjectConfigurationPlatforms) = postSolution
		{D771357A-BE69-4AF5-BDC1-40E7845D2426}.Debug|Any CPU.ActiveCfg = Debug|Any CPU
		{D771357A-BE69-4AF5-BDC1-40E7845D2426}.Debug|Any CPU.Build.0 = Debug|Any CPU
		{D771357A-BE69-4AF5-BDC1-40E7845D2426}.Release|Any CPU.ActiveCfg = Release|Any CPU
		{D771357A-BE69-4AF5-BDC1-40E7845D2426}.Release|Any CPU.Build.0 = Release|Any CPU
	EndGlobalSection
	GlobalSection(SolutionProperties) = preSolution
		HideSolutionNode = FALSE
	EndGlobalSection
	GlobalSection(ExtensibilityGlobals) = postSolution
		SolutionGuid = {A7F1228C-62F5-40CD-8FF4-CB1E600AEDE3}
	EndGlobalSection
EndGlobal
